
Microsoft Visual Studio Solution File, Format Version 12.00
# Visual Studio Version 17
VisualStudioVersion = 17.8.34309.116
MinimumVisualStudioVersion = 10.0.40219.1
Project("{9A19103F-16F7-4668-BE54-9A1E7A4F7556}") = "Blazor8Auth", "Blazor8Auth\Blazor8Auth.csproj", "{38C80930-5792-4CD2-BAF2-D0BE3FDE3A72}"
EndProject
Global
	GlobalSection(SolutionConfigurationPlatforms) = preSolution
		Debug|Any CPU = Debug|Any CPU
		Release|Any CPU = Release|Any CPU
	EndGlobalSection
	GlobalSection(ProjectConfigurationPlatforms) = postSolution
		{38C80930-5792-4CD2-BAF2-D0BE3FDE3A72}.Debug|Any CPU.ActiveCfg = Debug|Any CPU
		{38C80930-5792-4CD2-BAF2-D0BE3FDE3A72}.Debug|Any CPU.Build.0 = Debug|Any CPU
		{38C80930-5792-4CD2-BAF2-D0BE3FDE3A72}.Release|Any CPU.ActiveCfg = Release|Any CPU
		{38C80930-5792-4CD2-BAF2-D0BE3FDE3A72}.Release|Any CPU.Build.0 = Release|Any CPU
	EndGlobalSection
	GlobalSection(SolutionProperties) = preSolution
		HideSolutionNode = FALSE
	EndGlobalSection
	GlobalSection(ExtensibilityGlobals) = postSolution
		SolutionGuid = {8B2435FA-C6F1-4BAF-BDC5-9F3B9FCCF915}
	EndGlobalSection
EndGlobal
